
Microsoft Visual Studio Solution File, Format Version 12.00
# Visual Studio 14
VisualStudioVersion = 14.0.25402.0
MinimumVisualStudioVersion = 10.0.40219.1
Project("{FAE04EC0-301F-11D3-BF4B-00C04F79EFBC}") = "Orleans.Extensions.Logging", "src\Orleans.Extensions.Logging\Orleans.Extensions.Logging.csproj", "{6E06E005-FCC8-47A4-942B-1C0CF318BA55}"
EndProject
Project("{2150E333-8FDC-42A3-9474-1A3956D46DE8}") = ".solution", ".solution", "{3398A93C-3BEE-488D-9D13-4B37AD736DB7}"
	ProjectSection(SolutionItems) = preProject
		.gitattributes = .gitattributes
		.gitignore = .gitignore
		LICENSE = LICENSE
		NuGet.config = NuGet.config
		README.md = README.md
	EndProjectSection
EndProject
Project("{FAE04EC0-301F-11D3-BF4B-00C04F79EFBC}") = "Orleans.Extensions.Logging.Tests", "test\Orleans.Extensions.Logging.Tests\Orleans.Extensions.Logging.Tests.csproj", "{28CD7880-E8DE-43FC-8904-248383F80FD7}"
EndProject
Project("{2150E333-8FDC-42A3-9474-1A3956D46DE8}") = "test", "test", "{6D755CA3-6B35-4689-9E08-49ADE0756012}"
EndProject
Global
	GlobalSection(SolutionConfigurationPlatforms) = preSolution
		Debug|Any CPU = Debug|Any CPU
		Release|Any CPU = Release|Any CPU
	EndGlobalSection
	GlobalSection(ProjectConfigurationPlatforms) = postSolution
		{6E06E005-FCC8-47A4-942B-1C0CF318BA55}.Debug|Any CPU.ActiveCfg = Debug|Any CPU
		{6E06E005-FCC8-47A4-942B-1C0CF318BA55}.Debug|Any CPU.Build.0 = Debug|Any CPU
		{6E06E005-FCC8-47A4-942B-1C0CF318BA55}.Release|Any CPU.ActiveCfg = Release|Any CPU
		{6E06E005-FCC8-47A4-942B-1C0CF318BA55}.Release|Any CPU.Build.0 = Release|Any CPU
		{28CD7880-E8DE-43FC-8904-248383F80FD7}.Debug|Any CPU.ActiveCfg = Debug|Any CPU
		{28CD7880-E8DE-43FC-8904-248383F80FD7}.Debug|Any CPU.Build.0 = Debug|Any CPU
		{28CD7880-E8DE-43FC-8904-248383F80FD7}.Release|Any CPU.ActiveCfg = Release|Any CPU
		{28CD7880-E8DE-43FC-8904-248383F80FD7}.Release|Any CPU.Build.0 = Release|Any CPU
	EndGlobalSection
	GlobalSection(SolutionProperties) = preSolution
		HideSolutionNode = FALSE
	EndGlobalSection
	GlobalSection(NestedProjects) = preSolution
		{28CD7880-E8DE-43FC-8904-248383F80FD7} = {6D755CA3-6B35-4689-9E08-49ADE0756012}
	EndGlobalSection
EndGlobal
